
Microsoft Visual Studio Solution File, Format Version 12.00
# Visual Studio Version 17
VisualStudioVersion = 17.5.33424.131
MinimumVisualStudioVersion = 10.0.40219.1
Project("{FAE04EC0-301F-11D3-BF4B-00C04F79EFBC}") = "Lab_Dop_Anenkov", "Lab_Dop_Anenkov.csproj", "{9D177C6E-B090-4EE6-B2A3-CB62DC60C125}"
EndProject
Global
	GlobalSection(SolutionConfigurationPlatforms) = preSolution
		Debug|Any CPU = Debug|Any CPU
		Release|Any CPU = Release|Any CPU
	EndGlobalSection
	GlobalSection(ProjectConfigurationPlatforms) = postSolution
		{9D177C6E-B090-4EE6-B2A3-CB62DC60C125}.Debug|Any CPU.ActiveCfg = Debug|Any CPU
		{9D177C6E-B090-4EE6-B2A3-CB62DC60C125}.Debug|Any CPU.Build.0 = Debug|Any CPU
		{9D177C6E-B090-4EE6-B2A3-CB62DC60C125}.Release|Any CPU.ActiveCfg = Release|Any CPU
		{9D177C6E-B090-4EE6-B2A3-CB62DC60C125}.Release|Any CPU.Build.0 = Release|Any CPU
	EndGlobalSection
	GlobalSection(SolutionProperties) = preSolution
		HideSolutionNode = FALSE
	EndGlobalSection
	GlobalSection(ExtensibilityGlobals) = postSolution
		SolutionGuid = {87280721-8A08-4560-900F-971D8CC4427A}
	EndGlobalSection
EndGlobal
